
Microsoft Visual Studio Solution File, Format Version 12.00
# Visual Studio Version 16
VisualStudioVersion = 16.0.29728.190
MinimumVisualStudioVersion = 10.0.40219.1
Project("{FAE04EC0-301F-11D3-BF4B-00C04F79EFBC}") = "ConsoleClient", "ConsoleClient\ConsoleClient.csproj", "{2E5705E9-78A8-4902-9778-F7B1C715C48F}"
EndProject
Global
	GlobalSection(SolutionConfigurationPlatforms) = preSolution
		Debug|Any CPU = Debug|Any CPU
		Release|Any CPU = Release|Any CPU
	EndGlobalSection
	GlobalSection(ProjectConfigurationPlatforms) = postSolution
		{2E5705E9-78A8-4902-9778-F7B1C715C48F}.Debug|Any CPU.ActiveCfg = Debug|Any CPU
		{2E5705E9-78A8-4902-9778-F7B1C715C48F}.Debug|Any CPU.Build.0 = Debug|Any CPU
		{2E5705E9-78A8-4902-9778-F7B1C715C48F}.Release|Any CPU.ActiveCfg = Release|Any CPU
		{2E5705E9-78A8-4902-9778-F7B1C715C48F}.Release|Any CPU.Build.0 = Release|Any CPU
	EndGlobalSection
	GlobalSection(SolutionProperties) = preSolution
		HideSolutionNode = FALSE
	EndGlobalSection
	GlobalSection(ExtensibilityGlobals) = postSolution
		SolutionGuid = {35041C4B-5420-4F71-B517-596DFD1F1174}
	EndGlobalSection
EndGlobal
